{
  "pins" : [
    {
      "identity" : "gzipswift",
      "kind" : "remoteSourceControl",
      "location" : "https://github.com/1024jp/GzipSwift",
      "state" : {
        "branch" : "main",
        "revision" : "731037f6cc2be2ec01562f6597c1d0aa3fe6fd05"
      }
    },
    {
      "identity" : "libwebp-xcode",
      "kind" : "remoteSourceControl",
      "location" : "https://github.com/SDWebImage/libwebp-Xcode.git",
      "state" : {
        "revision" : "b2b1d20a90b14d11f6ef4241da6b81c1d3f171e4",
        "version" : "1.3.2"
      }
    },
    {
      "identity" : "lottie-ios",
      "kind" : "remoteSourceControl",
      "location" : "https://github.com/airbnb/lottie-ios",
      "state" : {
        "branch" : "master",
        "revision" : "e7ed4b7f5c92408c3ff7714fcc1bbd51170b156b"
      }
    },
    {
      "identity" : "mobilevlckit",
      "kind" : "remoteSourceControl",
      "location" : "https://github.com/levochkaa/MobileVLCKit",
      "state" : {
        "branch" : "main",
        "revision" : "3847399d282a7d5ee0acb083b32c78f651fe599b"
      }
    },
    {
      "identity" : "sdwebimage",
      "kind" : "remoteSourceControl",
      "location" : "https://github.com/SDWebImage/SDWebImage.git",
      "state" : {
        "revision" : "0383fd49fe4d9ae43f150f24693550ebe6ef0d14",
        "version" : "5.18.6"
      }
    },
    {
      "identity" : "sdwebimagewebpcoder",
      "kind" : "remoteSourceControl",
      "location" : "https://github.com/SDWebImage/SDWebImageWebPCoder.git",
      "state" : {
        "branch" : "master",
        "revision" : "db4603921b31a6ce0f8c26d36d6a3fffc2dba481"
      }
    },
    {
      "identity" : "swift-argument-parser",
      "kind" : "remoteSourceControl",
      "location" : "https://github.com/apple/swift-argument-parser.git",
      "state" : {
        "branch" : "main",
        "revision" : "f031c79ee3367ddf7f1a9811a3fd1577991b4025"
      }
    },
    {
      "identity" : "swiftui-introspect",
      "kind" : "remoteSourceControl",
      "location" : "https://github.com/siteline/SwiftUI-Introspect.git",
      "state" : {
        "branch" : "main",
        "revision" : "9e1cc02a65b22e09a8251261cccbccce02731fc5"
      }
    },
    {
      "identity" : "tdlibframework",
      "kind" : "remoteSourceControl",
      "location" : "https://github.com/Swiftgram/TDLibFramework",
      "state" : {
        "revision" : "129831eb7364a9d8e13990c01f010bfb8f2d84b0",
        "version" : "1.8.22-85c8c19b"
      }
    },
    {
      "identity" : "tdlibkit",
      "kind" : "remoteSourceControl",
      "location" : "https://github.com/Swiftgram/TDLibKit",
      "state" : {
        "branch" : "main",
        "revision" : "0ea6cf7d8e7a51ae165d5598ea4730c044b0ea6a"
      }
    }
  ],
  "version" : 2
}
