{
  "pins" : [
    {
      "identity" : "mobilevlckit",
      "kind" : "remoteSourceControl",
      "location" : "https://github.com/levochkaa/MobileVLCKit",
      "state" : {
        "branch" : "main",
        "revision" : "3847399d282a7d5ee0acb083b32c78f651fe599b"
      }
    },
    {
      "identity" : "swift-argument-parser",
      "kind" : "remoteSourceControl",
      "location" : "https://github.com/apple/swift-argument-parser.git",
      "state" : {
        "branch" : "main",
        "revision" : "a3d53a7597281ee831e034b5423c47f698a7a59c"
      }
    },
    {
      "identity" : "tdlibframework",
      "kind" : "remoteSourceControl",
      "location" : "https://github.com/Swiftgram/TDLibFramework",
      "state" : {
        "revision" : "e83d31bb100f4bc9f03a02cd5d233fb73ac3dfe3",
        "version" : "1.8.22-1a50ec47"
      }
    },
    {
      "identity" : "tdlibkit",
      "kind" : "remoteSourceControl",
      "location" : "https://github.com/Swiftgram/TDLibKit",
      "state" : {
        "branch" : "main",
        "revision" : "a228df52786b14ff7f302c8562e18790155b5b5d"
      }
    }
  ],
  "version" : 2
}
