// !$*UTF8*$!
{
	archiveVersion = 1;
	classes = {
	};
	objectVersion = 56;
	objects = {

/* Begin PBXBuildFile section */
		DF4B998228C3F3F50087C1B9 /* BetterTGApp.swift in Sources */ = {isa = PBXBuildFile; fileRef = DF4B998128C3F3F50087C1B9 /* BetterTGApp.swift */; };
		DF4B998428C3F3F50087C1B9 /* ContentView.swift in Sources */ = {isa = PBXBuildFile; fileRef = DF4B998328C3F3F50087C1B9 /* ContentView.swift */; };
		DF4B998628C3F3F60087C1B9 /* Assets.xcassets in Resources */ = {isa = PBXBuildFile; fileRef = DF4B998528C3F3F60087C1B9 /* Assets.xcassets */; };
		DF4B998928C3F3F60087C1B9 /* Preview Assets.xcassets in Resources */ = {isa = PBXBuildFile; fileRef = DF4B998828C3F3F60087C1B9 /* Preview Assets.xcassets */; };
		DF4B999128C3F4FD0087C1B9 /* TDLibKit in Frameworks */ = {isa = PBXBuildFile; productRef = DF4B999028C3F4FD0087C1B9 /* TDLibKit */; };
		DF4B999828C3F8D50087C1B9 /* libc++abi.tbd in Frameworks */ = {isa = PBXBuildFile; fileRef = DF4B999628C3F62A0087C1B9 /* libc++abi.tbd */; };
		DF4B999928C3F8E30087C1B9 /* libSystem.B.tbd in Frameworks */ = {isa = PBXBuildFile; fileRef = DF4B999528C3F5E10087C1B9 /* libSystem.B.tbd */; };
		DF4B999A28C3F8EC0087C1B9 /* libc++.1.tbd in Frameworks */ = {isa = PBXBuildFile; fileRef = DF4B999428C3F57F0087C1B9 /* libc++.1.tbd */; };
		DF4B999B28C3F8F80087C1B9 /* libz.1.tbd in Frameworks */ = {isa = PBXBuildFile; fileRef = DF4B999328C3F51C0087C1B9 /* libz.1.tbd */; };
/* End PBXBuildFile section */

/* Begin PBXFileReference section */
		DF4B997E28C3F3F50087C1B9 /* BetterTG.app */ = {isa = PBXFileReference; explicitFileType = wrapper.application; includeInIndex = 0; path = BetterTG.app; sourceTree = BUILT_PRODUCTS_DIR; };
		DF4B998128C3F3F50087C1B9 /* BetterTGApp.swift */ = {isa = PBXFileReference; lastKnownFileType = sourcecode.swift; path = BetterTGApp.swift; sourceTree = "<group>"; };
		DF4B998328C3F3F50087C1B9 /* ContentView.swift */ = {isa = PBXFileReference; lastKnownFileType = sourcecode.swift; path = ContentView.swift; sourceTree = "<group>"; };
		DF4B998528C3F3F60087C1B9 /* Assets.xcassets */ = {isa = PBXFileReference; lastKnownFileType = folder.assetcatalog; path = Assets.xcassets; sourceTree = "<group>"; };
		DF4B998828C3F3F60087C1B9 /* Preview Assets.xcassets */ = {isa = PBXFileReference; lastKnownFileType = folder.assetcatalog; path = "Preview Assets.xcassets"; sourceTree = "<group>"; };
		DF4B999328C3F51C0087C1B9 /* libz.1.tbd */ = {isa = PBXFileReference; lastKnownFileType = "sourcecode.text-based-dylib-definition"; name = libz.1.tbd; path = usr/lib/libz.1.tbd; sourceTree = SDKROOT; };
		DF4B999428C3F57F0087C1B9 /* libc++.1.tbd */ = {isa = PBXFileReference; lastKnownFileType = "sourcecode.text-based-dylib-definition"; name = "libc++.1.tbd"; path = "usr/lib/libc++.1.tbd"; sourceTree = SDKROOT; };
		DF4B999528C3F5E10087C1B9 /* libSystem.B.tbd */ = {isa = PBXFileReference; lastKnownFileType = "sourcecode.text-based-dylib-definition"; name = libSystem.B.tbd; path = usr/lib/libSystem.B.tbd; sourceTree = SDKROOT; };
		DF4B999628C3F62A0087C1B9 /* libc++abi.tbd */ = {isa = PBXFileReference; lastKnownFileType = "sourcecode.text-based-dylib-definition"; name = "libc++abi.tbd"; path = "usr/lib/libc++abi.tbd"; sourceTree = SDKROOT; };
		DF4B999728C3F6950087C1B9 /* Info.plist */ = {isa = PBXFileReference; lastKnownFileType = text.plist; path = Info.plist; sourceTree = "<group>"; };
/* End PBXFileReference section */

/* Begin PBXFrameworksBuildPhase section */
		DF4B997B28C3F3F50087C1B9 /* Frameworks */ = {
			isa = PBXFrameworksBuildPhase;
			buildActionMask = 2147483647;
			files = (
				DF4B999128C3F4FD0087C1B9 /* TDLibKit in Frameworks */,
				DF4B999B28C3F8F80087C1B9 /* libz.1.tbd in Frameworks */,
				DF4B999828C3F8D50087C1B9 /* libc++abi.tbd in Frameworks */,
				DF4B999928C3F8E30087C1B9 /* libSystem.B.tbd in Frameworks */,
				DF4B999A28C3F8EC0087C1B9 /* libc++.1.tbd in Frameworks */,
			);
			runOnlyForDeploymentPostprocessing = 0;
		};
/* End PBXFrameworksBuildPhase section */

/* Begin PBXGroup section */
		DF4B997528C3F3F50087C1B9 = {
			isa = PBXGroup;
			children = (
				DF4B998028C3F3F50087C1B9 /* BetterTG */,
				DF4B997F28C3F3F50087C1B9 /* Products */,
				DF4B999228C3F51C0087C1B9 /* Frameworks */,
			);
			sourceTree = "<group>";
		};
		DF4B997F28C3F3F50087C1B9 /* Products */ = {
			isa = PBXGroup;
			children = (
				DF4B997E28C3F3F50087C1B9 /* BetterTG.app */,
			);
			name = Products;
			sourceTree = "<group>";
		};
		DF4B998028C3F3F50087C1B9 /* BetterTG */ = {
			isa = PBXGroup;
			children = (
				DF4B999728C3F6950087C1B9 /* Info.plist */,
				DF4B998728C3F3F60087C1B9 /* Preview Content */,
				DF4B998528C3F3F60087C1B9 /* Assets.xcassets */,
				DF4B998128C3F3F50087C1B9 /* BetterTGApp.swift */,
				DF4B998328C3F3F50087C1B9 /* ContentView.swift */,
			);
			path = BetterTG;
			sourceTree = "<group>";
		};
		DF4B998728C3F3F60087C1B9 /* Preview Content */ = {
			isa = PBXGroup;
			children = (
				DF4B998828C3F3F60087C1B9 /* Preview Assets.xcassets */,
			);
			path = "Preview Content";
			sourceTree = "<group>";
		};
		DF4B999228C3F51C0087C1B9 /* Frameworks */ = {
			isa = PBXGroup;
			children = (
				DF4B999628C3F62A0087C1B9 /* libc++abi.tbd */,
				DF4B999528C3F5E10087C1B9 /* libSystem.B.tbd */,
				DF4B999428C3F57F0087C1B9 /* libc++.1.tbd */,
				DF4B999328C3F51C0087C1B9 /* libz.1.tbd */,
			);
			name = Frameworks;
			sourceTree = "<group>";
		};
/* End PBXGroup section */

/* Begin PBXNativeTarget section */
		DF4B997D28C3F3F50087C1B9 /* BetterTG */ = {
			isa = PBXNativeTarget;
			buildConfigurationList = DF4B998C28C3F3F60087C1B9 /* Build configuration list for PBXNativeTarget "BetterTG" */;
			buildPhases = (
				DF4B997A28C3F3F50087C1B9 /* Sources */,
				DF4B997B28C3F3F50087C1B9 /* Frameworks */,
				DF4B997C28C3F3F50087C1B9 /* Resources */,
			);
			buildRules = (
			);
			dependencies = (
			);
			name = BetterTG;
			packageProductDependencies = (
				DF4B999028C3F4FD0087C1B9 /* TDLibKit */,
			);
			productName = BetterTG;
			productReference = DF4B997E28C3F3F50087C1B9 /* BetterTG.app */;
			productType = "com.apple.product-type.application";
		};
/* End PBXNativeTarget section */

/* Begin PBXProject section */
		DF4B997628C3F3F50087C1B9 /* Project object */ = {
			isa = PBXProject;
			attributes = {
				BuildIndependentTargetsInParallel = 1;
				LastSwiftUpdateCheck = 1400;
				LastUpgradeCheck = 1400;
				TargetAttributes = {
					DF4B997D28C3F3F50087C1B9 = {
						CreatedOnToolsVersion = 14.0;
					};
				};
			};
			buildConfigurationList = DF4B997928C3F3F50087C1B9 /* Build configuration list for PBXProject "BetterTG" */;
			compatibilityVersion = "Xcode 14.0";
			developmentRegion = en;
			hasScannedForEncodings = 0;
			knownRegions = (
				en,
				Base,
			);
			mainGroup = DF4B997528C3F3F50087C1B9;
			packageReferences = (
				DF4B998F28C3F4FD0087C1B9 /* XCRemoteSwiftPackageReference "TDLibKit" */,
			);
			productRefGroup = DF4B997F28C3F3F50087C1B9 /* Products */;
			projectDirPath = "";
			projectRoot = "";
			targets = (
				DF4B997D28C3F3F50087C1B9 /* BetterTG */,
			);
		};
/* End PBXProject section */

/* Begin PBXResourcesBuildPhase section */
		DF4B997C28C3F3F50087C1B9 /* Resources */ = {
			isa = PBXResourcesBuildPhase;
			buildActionMask = 2147483647;
			files = (
				DF4B998928C3F3F60087C1B9 /* Preview Assets.xcassets in Resources */,
				DF4B998628C3F3F60087C1B9 /* Assets.xcassets in Resources */,
			);
			runOnlyForDeploymentPostprocessing = 0;
		};
/* End PBXResourcesBuildPhase section */

/* Begin PBXSourcesBuildPhase section */
		DF4B997A28C3F3F50087C1B9 /* Sources */ = {
			isa = PBXSourcesBuildPhase;
			buildActionMask = 2147483647;
			files = (
				DF4B998428C3F3F50087C1B9 /* ContentView.swift in Sources */,
				DF4B998228C3F3F50087C1B9 /* BetterTGApp.swift in Sources */,
			);
			runOnlyForDeploymentPostprocessing = 0;
		};
/* End PBXSourcesBuildPhase section */

/* Begin XCBuildConfiguration section */
		DF4B998A28C3F3F60087C1B9 /* Debug */ = {
			isa = XCBuildConfiguration;
			buildSettings = {
				ALWAYS_SEARCH_USER_PATHS = NO;
				CLANG_ANALYZER_NONNULL = YES;
				CLANG_ANALYZER_NUMBER_OBJECT_CONVERSION = YES_AGGRESSIVE;
				CLANG_CXX_LANGUAGE_STANDARD = "gnu++20";
				CLANG_ENABLE_MODULES = YES;
				CLANG_ENABLE_OBJC_ARC = YES;
				CLANG_ENABLE_OBJC_WEAK = YES;
				CLANG_WARN_BLOCK_CAPTURE_AUTORELEASING = YES;
				CLANG_WARN_BOOL_CONVERSION = YES;
				CLANG_WARN_COMMA = YES;
				CLANG_WARN_CONSTANT_CONVERSION = YES;
				CLANG_WARN_DEPRECATED_OBJC_IMPLEMENTATIONS = YES;
				CLANG_WARN_DIRECT_OBJC_ISA_USAGE = YES_ERROR;
				CLANG_WARN_DOCUMENTATION_COMMENTS = YES;
				CLANG_WARN_EMPTY_BODY = YES;
				CLANG_WARN_ENUM_CONVERSION = YES;
				CLANG_WARN_INFINITE_RECURSION = YES;
				CLANG_WARN_INT_CONVERSION = YES;
				CLANG_WARN_NON_LITERAL_NULL_CONVERSION = YES;
				CLANG_WARN_OBJC_IMPLICIT_RETAIN_SELF = YES;
				CLANG_WARN_OBJC_LITERAL_CONVERSION = YES;
				CLANG_WARN_OBJC_ROOT_CLASS = YES_ERROR;
				CLANG_WARN_QUOTED_INCLUDE_IN_FRAMEWORK_HEADER = YES;
				CLANG_WARN_RANGE_LOOP_ANALYSIS = YES;
				CLANG_WARN_STRICT_PROTOTYPES = YES;
				CLANG_WARN_SUSPICIOUS_MOVE = YES;
				CLANG_WARN_UNGUARDED_AVAILABILITY = YES_AGGRESSIVE;
				CLANG_WARN_UNREACHABLE_CODE = YES;
				CLANG_WARN__DUPLICATE_METHOD_MATCH = YES;
				COPY_PHASE_STRIP = NO;
				DEBUG_INFORMATION_FORMAT = dwarf;
				ENABLE_STRICT_OBJC_MSGSEND = YES;
				ENABLE_TESTABILITY = YES;
				GCC_C_LANGUAGE_STANDARD = gnu11;
				GCC_DYNAMIC_NO_PIC = NO;
				GCC_NO_COMMON_BLOCKS = YES;
				GCC_OPTIMIZATION_LEVEL = 0;
				GCC_PREPROCESSOR_DEFINITIONS = (
					"DEBUG=1",
					"$(inherited)",
				);
				GCC_WARN_64_TO_32_BIT_CONVERSION = YES;
				GCC_WARN_ABOUT_RETURN_TYPE = YES_ERROR;
				GCC_WARN_UNDECLARED_SELECTOR = YES;
				GCC_WARN_UNINITIALIZED_AUTOS = YES_AGGRESSIVE;
				GCC_WARN_UNUSED_FUNCTION = YES;
				GCC_WARN_UNUSED_VARIABLE = YES;
				IPHONEOS_DEPLOYMENT_TARGET = 16.0;
				MTL_ENABLE_DEBUG_INFO = INCLUDE_SOURCE;
				MTL_FAST_MATH = YES;
				ONLY_ACTIVE_ARCH = YES;
				SDKROOT = iphoneos;
				SWIFT_ACTIVE_COMPILATION_CONDITIONS = DEBUG;
				SWIFT_OPTIMIZATION_LEVEL = "-Onone";
			};
			name = Debug;
		};
		DF4B998B28C3F3F60087C1B9 /* Release */ = {
			isa = XCBuildConfiguration;
			buildSettings = {
				ALWAYS_SEARCH_USER_PATHS = NO;
				CLANG_ANALYZER_NONNULL = YES;
				CLANG_ANALYZER_NUMBER_OBJECT_CONVERSION = YES_AGGRESSIVE;
				CLANG_CXX_LANGUAGE_STANDARD = "gnu++20";
				CLANG_ENABLE_MODULES = YES;
				CLANG_ENABLE_OBJC_ARC = YES;
				CLANG_ENABLE_OBJC_WEAK = YES;
				CLANG_WARN_BLOCK_CAPTURE_AUTORELEASING = YES;
				CLANG_WARN_BOOL_CONVERSION = YES;
				CLANG_WARN_COMMA = YES;
				CLANG_WARN_CONSTANT_CONVERSION = YES;
				CLANG_WARN_DEPRECATED_OBJC_IMPLEMENTATIONS = YES;
				CLANG_WARN_DIRECT_OBJC_ISA_USAGE = YES_ERROR;
				CLANG_WARN_DOCUMENTATION_COMMENTS = YES;
				CLANG_WARN_EMPTY_BODY = YES;
				CLANG_WARN_ENUM_CONVERSION = YES;
				CLANG_WARN_INFINITE_RECURSION = YES;
				CLANG_WARN_INT_CONVERSION = YES;
				CLANG_WARN_NON_LITERAL_NULL_CONVERSION = YES;
				CLANG_WARN_OBJC_IMPLICIT_RETAIN_SELF = YES;
				CLANG_WARN_OBJC_LITERAL_CONVERSION = YES;
				CLANG_WARN_OBJC_ROOT_CLASS = YES_ERROR;
				CLANG_WARN_QUOTED_INCLUDE_IN_FRAMEWORK_HEADER = YES;
				CLANG_WARN_RANGE_LOOP_ANALYSIS = YES;
				CLANG_WARN_STRICT_PROTOTYPES = YES;
				CLANG_WARN_SUSPICIOUS_MOVE = YES;
				CLANG_WARN_UNGUARDED_AVAILABILITY = YES_AGGRESSIVE;
				CLANG_WARN_UNREACHABLE_CODE = YES;
				CLANG_WARN__DUPLICATE_METHOD_MATCH = YES;
				COPY_PHASE_STRIP = NO;
				DEBUG_INFORMATION_FORMAT = "dwarf-with-dsym";
				ENABLE_NS_ASSERTIONS = NO;
				ENABLE_STRICT_OBJC_MSGSEND = YES;
				GCC_C_LANGUAGE_STANDARD = gnu11;
				GCC_NO_COMMON_BLOCKS = YES;
				GCC_WARN_64_TO_32_BIT_CONVERSION = YES;
				GCC_WARN_ABOUT_RETURN_TYPE = YES_ERROR;
				GCC_WARN_UNDECLARED_SELECTOR = YES;
				GCC_WARN_UNINITIALIZED_AUTOS = YES_AGGRESSIVE;
				GCC_WARN_UNUSED_FUNCTION = YES;
				GCC_WARN_UNUSED_VARIABLE = YES;
				IPHONEOS_DEPLOYMENT_TARGET = 16.0;
				MTL_ENABLE_DEBUG_INFO = NO;
				MTL_FAST_MATH = YES;
				SDKROOT = iphoneos;
				SWIFT_COMPILATION_MODE = wholemodule;
				SWIFT_OPTIMIZATION_LEVEL = "-O";
				VALIDATE_PRODUCT = YES;
			};
			name = Release;
		};
		DF4B998D28C3F3F60087C1B9 /* Debug */ = {
			isa = XCBuildConfiguration;
			buildSettings = {
				ASSETCATALOG_COMPILER_APPICON_NAME = AppIcon;
				ASSETCATALOG_COMPILER_GLOBAL_ACCENT_COLOR_NAME = AccentColor;
				CODE_SIGN_STYLE = Automatic;
				CURRENT_PROJECT_VERSION = 1;
				DEVELOPMENT_ASSET_PATHS = "\"BetterTG/Preview Content\"";
				DEVELOPMENT_TEAM = 7Z2WHPKU8W;
				ENABLE_PREVIEWS = YES;
				GENERATE_INFOPLIST_FILE = YES;
				INFOPLIST_FILE = BetterTG/Info.plist;
				INFOPLIST_KEY_UIApplicationSceneManifest_Generation = YES;
				INFOPLIST_KEY_UIApplicationSupportsIndirectInputEvents = YES;
				INFOPLIST_KEY_UILaunchScreen_Generation = YES;
				INFOPLIST_KEY_UISupportedInterfaceOrientations = "UIInterfaceOrientationLandscapeLeft UIInterfaceOrientationLandscapeRight UIInterfaceOrientationPortrait UIInterfaceOrientationPortraitUpsideDown";
				LD_RUNPATH_SEARCH_PATHS = (
					"$(inherited)",
					"@executable_path/Frameworks",
				);
				MARKETING_VERSION = 1.0;
				PRODUCT_BUNDLE_IDENTIFIER = com.levochka.BetterTG;
				PRODUCT_NAME = "$(TARGET_NAME)";
				SUPPORTED_PLATFORMS = "iphoneos iphonesimulator";
				SUPPORTS_MACCATALYST = NO;
				SUPPORTS_MAC_DESIGNED_FOR_IPHONE_IPAD = NO;
				SWIFT_EMIT_LOC_STRINGS = YES;
				SWIFT_VERSION = 5.0;
				TARGETED_DEVICE_FAMILY = 1;
			};
			name = Debug;
		};
		DF4B998E28C3F3F60087C1B9 /* Release */ = {
			isa = XCBuildConfiguration;
			buildSettings = {
				ASSETCATALOG_COMPILER_APPICON_NAME = AppIcon;
				ASSETCATALOG_COMPILER_GLOBAL_ACCENT_COLOR_NAME = AccentColor;
				CODE_SIGN_STYLE = Automatic;
				CURRENT_PROJECT_VERSION = 1;
				DEVELOPMENT_ASSET_PATHS = "\"BetterTG/Preview Content\"";
				DEVELOPMENT_TEAM = 7Z2WHPKU8W;
				ENABLE_PREVIEWS = YES;
				GENERATE_INFOPLIST_FILE = YES;
				INFOPLIST_FILE = BetterTG/Info.plist;
				INFOPLIST_KEY_UIApplicationSceneManifest_Generation = YES;
				INFOPLIST_KEY_UIApplicationSupportsIndirectInputEvents = YES;
				INFOPLIST_KEY_UILaunchScreen_Generation = YES;
				INFOPLIST_KEY_UISupportedInterfaceOrientations = "UIInterfaceOrientationLandscapeLeft UIInterfaceOrientationLandscapeRight UIInterfaceOrientationPortrait UIInterfaceOrientationPortraitUpsideDown";
				LD_RUNPATH_SEARCH_PATHS = (
					"$(inherited)",
					"@executable_path/Frameworks",
				);
				MARKETING_VERSION = 1.0;
				PRODUCT_BUNDLE_IDENTIFIER = com.levochka.BetterTG;
				PRODUCT_NAME = "$(TARGET_NAME)";
				SUPPORTED_PLATFORMS = "iphoneos iphonesimulator";
				SUPPORTS_MACCATALYST = NO;
				SUPPORTS_MAC_DESIGNED_FOR_IPHONE_IPAD = NO;
				SWIFT_EMIT_LOC_STRINGS = YES;
				SWIFT_VERSION = 5.0;
				TARGETED_DEVICE_FAMILY = 1;
			};
			name = Release;
		};
/* End XCBuildConfiguration section */

/* Begin XCConfigurationList section */
		DF4B997928C3F3F50087C1B9 /* Build configuration list for PBXProject "BetterTG" */ = {
			isa = XCConfigurationList;
			buildConfigurations = (
				DF4B998A28C3F3F60087C1B9 /* Debug */,
				DF4B998B28C3F3F60087C1B9 /* Release */,
			);
			defaultConfigurationIsVisible = 0;
			defaultConfigurationName = Release;
		};
		DF4B998C28C3F3F60087C1B9 /* Build configuration list for PBXNativeTarget "BetterTG" */ = {
			isa = XCConfigurationList;
			buildConfigurations = (
				DF4B998D28C3F3F60087C1B9 /* Debug */,
				DF4B998E28C3F3F60087C1B9 /* Release */,
			);
			defaultConfigurationIsVisible = 0;
			defaultConfigurationName = Release;
		};
/* End XCConfigurationList section */

/* Begin XCRemoteSwiftPackageReference section */
		DF4B998F28C3F4FD0087C1B9 /* XCRemoteSwiftPackageReference "TDLibKit" */ = {
			isa = XCRemoteSwiftPackageReference;
			repositoryURL = "https://github.com/Swiftgram/TDLibKit";
			requirement = {
				branch = main;
				kind = branch;
			};
		};
/* End XCRemoteSwiftPackageReference section */

/* Begin XCSwiftPackageProductDependency section */
		DF4B999028C3F4FD0087C1B9 /* TDLibKit */ = {
			isa = XCSwiftPackageProductDependency;
			package = DF4B998F28C3F4FD0087C1B9 /* XCRemoteSwiftPackageReference "TDLibKit" */;
			productName = TDLibKit;
		};
/* End XCSwiftPackageProductDependency section */
	};
	rootObject = DF4B997628C3F3F50087C1B9 /* Project object */;
}
